
Microsoft Visual Studio Solution File, Format Version 12.00
# Visual Studio Version 17
VisualStudioVersion = 17.8.34330.188
MinimumVisualStudioVersion = 10.0.40219.1
Project("{9A19103F-16F7-4668-BE54-9A1E7A4F7556}") = "ServiceForProducts", "ServiceForProducts\ServiceForProducts.csproj", "{E73AB235-3C0B-4714-8F02-86D8EEFE4C37}"
EndProject
Project("{9A19103F-16F7-4668-BE54-9A1E7A4F7556}") = "DALProduct", "DAL Layer\DALProduct.csproj", "{B28086B2-AB04-46CE-A796-B490C5D382A4}"
EndProject
Global
	GlobalSection(SolutionConfigurationPlatforms) = preSolution
		Debug|Any CPU = Debug|Any CPU
		Release|Any CPU = Release|Any CPU
	EndGlobalSection
	GlobalSection(ProjectConfigurationPlatforms) = postSolution
		{E73AB235-3C0B-4714-8F02-86D8EEFE4C37}.Debug|Any CPU.ActiveCfg = Debug|Any CPU
		{E73AB235-3C0B-4714-8F02-86D8EEFE4C37}.Debug|Any CPU.Build.0 = Debug|Any CPU
		{E73AB235-3C0B-4714-8F02-86D8EEFE4C37}.Release|Any CPU.ActiveCfg = Release|Any CPU
		{E73AB235-3C0B-4714-8F02-86D8EEFE4C37}.Release|Any CPU.Build.0 = Release|Any CPU
		{B28086B2-AB04-46CE-A796-B490C5D382A4}.Debug|Any CPU.ActiveCfg = Debug|Any CPU
		{B28086B2-AB04-46CE-A796-B490C5D382A4}.Debug|Any CPU.Build.0 = Debug|Any CPU
		{B28086B2-AB04-46CE-A796-B490C5D382A4}.Release|Any CPU.ActiveCfg = Release|Any CPU
		{B28086B2-AB04-46CE-A796-B490C5D382A4}.Release|Any CPU.Build.0 = Release|Any CPU
	EndGlobalSection
	GlobalSection(SolutionProperties) = preSolution
		HideSolutionNode = FALSE
	EndGlobalSection
	GlobalSection(ExtensibilityGlobals) = postSolution
		SolutionGuid = {2E94C46B-A5AF-4411-A253-AB020C8393ED}
	EndGlobalSection
EndGlobal
